
Microsoft Visual Studio Solution File, Format Version 12.00
# Visual Studio 14
VisualStudioVersion = 14.0.25123.0
MinimumVisualStudioVersion = 10.0.40219.1
Project("{8BC9CEB8-8B4A-11D0-8D11-00A0C91BC942}") = "HelloWorld", "HelloWorld\HelloWorld.vcxproj", "{32E12D38-F293-4A9E-8DCC-665717C319CC}"
EndProject
Project("{8BC9CEB8-8B4A-11D0-8D11-00A0C91BC942}") = "ScopingTest", "ScopingTest\ScopingTest.vcxproj", "{1C68BD33-3FDF-43CC-80E7-281D01C7CD86}"
EndProject
Project("{8BC9CEB8-8B4A-11D0-8D11-00A0C91BC942}") = "PrintStudentID", "PrintStudentID\PrintStudentID.vcxproj", "{70034528-F9AB-4307-947A-4F3E752DDEB8}"
EndProject
Project("{8BC9CEB8-8B4A-11D0-8D11-00A0C91BC942}") = "Variables", "VariablesExercise\VariablesExercise.vcxproj", "{00D7C26F-C087-4993-BD89-F23D4D8F32D4}"
EndProject
Project("{8BC9CEB8-8B4A-11D0-8D11-00A0C91BC942}") = "Conditionals", "ConditionalStatements\ConditionalStatements.vcxproj", "{1C5DA490-5715-4781-B2CD-B80051987012}"
EndProject
Project("{8BC9CEB8-8B4A-11D0-8D11-00A0C91BC942}") = "Loops", "Loops\Loops.vcxproj", "{E04C8828-8DE5-42AD-8968-D07727AB816A}"
EndProject
Project("{8BC9CEB8-8B4A-11D0-8D11-00A0C91BC942}") = "Arrays", "Arrays\Arrays.vcxproj", "{BAFEDF60-5B81-4893-B667-1D64D47847C9}"
EndProject
Project("{8BC9CEB8-8B4A-11D0-8D11-00A0C91BC942}") = "Functions", "Functions\Functions.vcxproj", "{DCFC36B7-2A50-42AD-BAF7-9D2BB058632F}"
EndProject
Project("{8BC9CEB8-8B4A-11D0-8D11-00A0C91BC942}") = "ClassExamples", "ClassExamples\ClassExamples.vcxproj", "{2468406A-ACC6-4D15-840F-D326EFD684AA}"
EndProject
Project("{8BC9CEB8-8B4A-11D0-8D11-00A0C91BC942}") = "Structs", "Structs\Structs.vcxproj", "{D03731E9-459F-45CA-A75E-D121FC3E77A5}"
EndProject
Project("{8BC9CEB8-8B4A-11D0-8D11-00A0C91BC942}") = "MiniGames", "MiniGames\MiniGames.vcxproj", "{12AE1BBF-69C5-42F1-BE39-03F4507C3E73}"
EndProject
Project("{8BC9CEB8-8B4A-11D0-8D11-00A0C91BC942}") = "CustomStringClass", "CustomStringClass\CustomStringClass.vcxproj", "{FD54FCC5-6DD2-4EE0-B708-20B06D420826}"
EndProject
Project("{8BC9CEB8-8B4A-11D0-8D11-00A0C91BC942}") = "References", "References\References.vcxproj", "{47E08D75-62F3-4402-B6B1-AA6FB97F0A79}"
EndProject
Project("{8BC9CEB8-8B4A-11D0-8D11-00A0C91BC942}") = "TextBasedAdventure", "TextBasedAdventure\TextBasedAdventure.vcxproj", "{136D5916-074A-4C66-B832-931108D30C05}"
EndProject
Project("{8BC9CEB8-8B4A-11D0-8D11-00A0C91BC942}") = "GistAssignements", "GistAssisgnments\GistAssisgnments.vcxproj", "{BF5FAF25-4E29-42EC-B181-0C2D57F3AB6F}"
EndProject
Project("{8BC9CEB8-8B4A-11D0-8D11-00A0C91BC942}") = "ReversePolishCalculator", "ReversePolishCalculator\ReversePolishCalculator.vcxproj", "{198182B3-A359-4F97-AD62-8C8EA7288B6F}"
EndProject
Project("{8BC9CEB8-8B4A-11D0-8D11-00A0C91BC942}") = "StackAssignment", "StackAssignment\StackAssignment.vcxproj", "{A234F3A2-8C4F-4637-93A1-CCE8F5EFD9BC}"
EndProject
Project("{8BC9CEB8-8B4A-11D0-8D11-00A0C91BC942}") = "Inheritance", "Inheritance\Inheritance.vcxproj", "{D7E8DB0E-B72C-4B4C-8358-B8D7160AD31E}"
EndProject
Global
	GlobalSection(SolutionConfigurationPlatforms) = preSolution
		Debug|x64 = Debug|x64
		Debug|x86 = Debug|x86
		Release|x64 = Release|x64
		Release|x86 = Release|x86
	EndGlobalSection
	GlobalSection(ProjectConfigurationPlatforms) = postSolution
		{32E12D38-F293-4A9E-8DCC-665717C319CC}.Debug|x64.ActiveCfg = Debug|x64
		{32E12D38-F293-4A9E-8DCC-665717C319CC}.Debug|x64.Build.0 = Debug|x64
		{32E12D38-F293-4A9E-8DCC-665717C319CC}.Debug|x86.ActiveCfg = Debug|Win32
		{32E12D38-F293-4A9E-8DCC-665717C319CC}.Debug|x86.Build.0 = Debug|Win32
		{32E12D38-F293-4A9E-8DCC-665717C319CC}.Release|x64.ActiveCfg = Release|x64
		{32E12D38-F293-4A9E-8DCC-665717C319CC}.Release|x64.Build.0 = Release|x64
		{32E12D38-F293-4A9E-8DCC-665717C319CC}.Release|x86.ActiveCfg = Release|Win32
		{32E12D38-F293-4A9E-8DCC-665717C319CC}.Release|x86.Build.0 = Release|Win32
		{1C68BD33-3FDF-43CC-80E7-281D01C7CD86}.Debug|x64.ActiveCfg = Debug|x64
		{1C68BD33-3FDF-43CC-80E7-281D01C7CD86}.Debug|x64.Build.0 = Debug|x64
		{1C68BD33-3FDF-43CC-80E7-281D01C7CD86}.Debug|x86.ActiveCfg = Debug|Win32
		{1C68BD33-3FDF-43CC-80E7-281D01C7CD86}.Debug|x86.Build.0 = Debug|Win32
		{1C68BD33-3FDF-43CC-80E7-281D01C7CD86}.Release|x64.ActiveCfg = Release|x64
		{1C68BD33-3FDF-43CC-80E7-281D01C7CD86}.Release|x64.Build.0 = Release|x64
		{1C68BD33-3FDF-43CC-80E7-281D01C7CD86}.Release|x86.ActiveCfg = Release|Win32
		{1C68BD33-3FDF-43CC-80E7-281D01C7CD86}.Release|x86.Build.0 = Release|Win32
		{70034528-F9AB-4307-947A-4F3E752DDEB8}.Debug|x64.ActiveCfg = Debug|x64
		{70034528-F9AB-4307-947A-4F3E752DDEB8}.Debug|x64.Build.0 = Debug|x64
		{70034528-F9AB-4307-947A-4F3E752DDEB8}.Debug|x86.ActiveCfg = Debug|Win32
		{70034528-F9AB-4307-947A-4F3E752DDEB8}.Debug|x86.Build.0 = Debug|Win32
		{70034528-F9AB-4307-947A-4F3E752DDEB8}.Release|x64.ActiveCfg = Release|x64
		{70034528-F9AB-4307-947A-4F3E752DDEB8}.Release|x64.Build.0 = Release|x64
		{70034528-F9AB-4307-947A-4F3E752DDEB8}.Release|x86.ActiveCfg = Release|Win32
		{70034528-F9AB-4307-947A-4F3E752DDEB8}.Release|x86.Build.0 = Release|Win32
		{00D7C26F-C087-4993-BD89-F23D4D8F32D4}.Debug|x64.ActiveCfg = Debug|x64
		{00D7C26F-C087-4993-BD89-F23D4D8F32D4}.Debug|x64.Build.0 = Debug|x64
		{00D7C26F-C087-4993-BD89-F23D4D8F32D4}.Debug|x86.ActiveCfg = Debug|Win32
		{00D7C26F-C087-4993-BD89-F23D4D8F32D4}.Debug|x86.Build.0 = Debug|Win32
		{00D7C26F-C087-4993-BD89-F23D4D8F32D4}.Release|x64.ActiveCfg = Release|x64
		{00D7C26F-C087-4993-BD89-F23D4D8F32D4}.Release|x64.Build.0 = Release|x64
		{00D7C26F-C087-4993-BD89-F23D4D8F32D4}.Release|x86.ActiveCfg = Release|Win32
		{00D7C26F-C087-4993-BD89-F23D4D8F32D4}.Release|x86.Build.0 = Release|Win32
		{1C5DA490-5715-4781-B2CD-B80051987012}.Debug|x64.ActiveCfg = Debug|x64
		{1C5DA490-5715-4781-B2CD-B80051987012}.Debug|x64.Build.0 = Debug|x64
		{1C5DA490-5715-4781-B2CD-B80051987012}.Debug|x86.ActiveCfg = Debug|Win32
		{1C5DA490-5715-4781-B2CD-B80051987012}.Debug|x86.Build.0 = Debug|Win32
		{1C5DA490-5715-4781-B2CD-B80051987012}.Release|x64.ActiveCfg = Release|x64
		{1C5DA490-5715-4781-B2CD-B80051987012}.Release|x64.Build.0 = Release|x64
		{1C5DA490-5715-4781-B2CD-B80051987012}.Release|x86.ActiveCfg = Release|Win32
		{1C5DA490-5715-4781-B2CD-B80051987012}.Release|x86.Build.0 = Release|Win32
		{E04C8828-8DE5-42AD-8968-D07727AB816A}.Debug|x64.ActiveCfg = Debug|x64
		{E04C8828-8DE5-42AD-8968-D07727AB816A}.Debug|x64.Build.0 = Debug|x64
		{E04C8828-8DE5-42AD-8968-D07727AB816A}.Debug|x86.ActiveCfg = Debug|Win32
		{E04C8828-8DE5-42AD-8968-D07727AB816A}.Debug|x86.Build.0 = Debug|Win32
		{E04C8828-8DE5-42AD-8968-D07727AB816A}.Release|x64.ActiveCfg = Release|x64
		{E04C8828-8DE5-42AD-8968-D07727AB816A}.Release|x64.Build.0 = Release|x64
		{E04C8828-8DE5-42AD-8968-D07727AB816A}.Release|x86.ActiveCfg = Release|Win32
		{E04C8828-8DE5-42AD-8968-D07727AB816A}.Release|x86.Build.0 = Release|Win32
		{BAFEDF60-5B81-4893-B667-1D64D47847C9}.Debug|x64.ActiveCfg = Debug|x64
		{BAFEDF60-5B81-4893-B667-1D64D47847C9}.Debug|x64.Build.0 = Debug|x64
		{BAFEDF60-5B81-4893-B667-1D64D47847C9}.Debug|x86.ActiveCfg = Debug|Win32
		{BAFEDF60-5B81-4893-B667-1D64D47847C9}.Debug|x86.Build.0 = Debug|Win32
		{BAFEDF60-5B81-4893-B667-1D64D47847C9}.Release|x64.ActiveCfg = Release|x64
		{BAFEDF60-5B81-4893-B667-1D64D47847C9}.Release|x64.Build.0 = Release|x64
		{BAFEDF60-5B81-4893-B667-1D64D47847C9}.Release|x86.ActiveCfg = Release|Win32
		{BAFEDF60-5B81-4893-B667-1D64D47847C9}.Release|x86.Build.0 = Release|Win32
		{DCFC36B7-2A50-42AD-BAF7-9D2BB058632F}.Debug|x64.ActiveCfg = Debug|x64
		{DCFC36B7-2A50-42AD-BAF7-9D2BB058632F}.Debug|x64.Build.0 = Debug|x64
		{DCFC36B7-2A50-42AD-BAF7-9D2BB058632F}.Debug|x86.ActiveCfg = Debug|Win32
		{DCFC36B7-2A50-42AD-BAF7-9D2BB058632F}.Debug|x86.Build.0 = Debug|Win32
		{DCFC36B7-2A50-42AD-BAF7-9D2BB058632F}.Release|x64.ActiveCfg = Release|x64
		{DCFC36B7-2A50-42AD-BAF7-9D2BB058632F}.Release|x64.Build.0 = Release|x64
		{DCFC36B7-2A50-42AD-BAF7-9D2BB058632F}.Release|x86.ActiveCfg = Release|Win32
		{DCFC36B7-2A50-42AD-BAF7-9D2BB058632F}.Release|x86.Build.0 = Release|Win32
		{2468406A-ACC6-4D15-840F-D326EFD684AA}.Debug|x64.ActiveCfg = Debug|x64
		{2468406A-ACC6-4D15-840F-D326EFD684AA}.Debug|x64.Build.0 = Debug|x64
		{2468406A-ACC6-4D15-840F-D326EFD684AA}.Debug|x86.ActiveCfg = Debug|Win32
		{2468406A-ACC6-4D15-840F-D326EFD684AA}.Debug|x86.Build.0 = Debug|Win32
		{2468406A-ACC6-4D15-840F-D326EFD684AA}.Release|x64.ActiveCfg = Release|x64
		{2468406A-ACC6-4D15-840F-D326EFD684AA}.Release|x64.Build.0 = Release|x64
		{2468406A-ACC6-4D15-840F-D326EFD684AA}.Release|x86.ActiveCfg = Release|Win32
		{2468406A-ACC6-4D15-840F-D326EFD684AA}.Release|x86.Build.0 = Release|Win32
		{D03731E9-459F-45CA-A75E-D121FC3E77A5}.Debug|x64.ActiveCfg = Debug|x64
		{D03731E9-459F-45CA-A75E-D121FC3E77A5}.Debug|x64.Build.0 = Debug|x64
		{D03731E9-459F-45CA-A75E-D121FC3E77A5}.Debug|x86.ActiveCfg = Debug|Win32
		{D03731E9-459F-45CA-A75E-D121FC3E77A5}.Debug|x86.Build.0 = Debug|Win32
		{D03731E9-459F-45CA-A75E-D121FC3E77A5}.Release|x64.ActiveCfg = Release|x64
		{D03731E9-459F-45CA-A75E-D121FC3E77A5}.Release|x64.Build.0 = Release|x64
		{D03731E9-459F-45CA-A75E-D121FC3E77A5}.Release|x86.ActiveCfg = Release|Win32
		{D03731E9-459F-45CA-A75E-D121FC3E77A5}.Release|x86.Build.0 = Release|Win32
		{12AE1BBF-69C5-42F1-BE39-03F4507C3E73}.Debug|x64.ActiveCfg = Debug|x64
		{12AE1BBF-69C5-42F1-BE39-03F4507C3E73}.Debug|x64.Build.0 = Debug|x64
		{12AE1BBF-69C5-42F1-BE39-03F4507C3E73}.Debug|x86.ActiveCfg = Debug|Win32
		{12AE1BBF-69C5-42F1-BE39-03F4507C3E73}.Debug|x86.Build.0 = Debug|Win32
		{12AE1BBF-69C5-42F1-BE39-03F4507C3E73}.Release|x64.ActiveCfg = Release|x64
		{12AE1BBF-69C5-42F1-BE39-03F4507C3E73}.Release|x64.Build.0 = Release|x64
		{12AE1BBF-69C5-42F1-BE39-03F4507C3E73}.Release|x86.ActiveCfg = Release|Win32
		{12AE1BBF-69C5-42F1-BE39-03F4507C3E73}.Release|x86.Build.0 = Release|Win32
		{FD54FCC5-6DD2-4EE0-B708-20B06D420826}.Debug|x64.ActiveCfg = Debug|x64
		{FD54FCC5-6DD2-4EE0-B708-20B06D420826}.Debug|x64.Build.0 = Debug|x64
		{FD54FCC5-6DD2-4EE0-B708-20B06D420826}.Debug|x86.ActiveCfg = Debug|Win32
		{FD54FCC5-6DD2-4EE0-B708-20B06D420826}.Debug|x86.Build.0 = Debug|Win32
		{FD54FCC5-6DD2-4EE0-B708-20B06D420826}.Release|x64.ActiveCfg = Release|x64
		{FD54FCC5-6DD2-4EE0-B708-20B06D420826}.Release|x64.Build.0 = Release|x64
		{FD54FCC5-6DD2-4EE0-B708-20B06D420826}.Release|x86.ActiveCfg = Release|Win32
		{FD54FCC5-6DD2-4EE0-B708-20B06D420826}.Release|x86.Build.0 = Release|Win32
		{47E08D75-62F3-4402-B6B1-AA6FB97F0A79}.Debug|x64.ActiveCfg = Debug|x64
		{47E08D75-62F3-4402-B6B1-AA6FB97F0A79}.Debug|x64.Build.0 = Debug|x64
		{47E08D75-62F3-4402-B6B1-AA6FB97F0A79}.Debug|x86.ActiveCfg = Debug|Win32
		{47E08D75-62F3-4402-B6B1-AA6FB97F0A79}.Debug|x86.Build.0 = Debug|Win32
		{47E08D75-62F3-4402-B6B1-AA6FB97F0A79}.Release|x64.ActiveCfg = Release|x64
		{47E08D75-62F3-4402-B6B1-AA6FB97F0A79}.Release|x64.Build.0 = Release|x64
		{47E08D75-62F3-4402-B6B1-AA6FB97F0A79}.Release|x86.ActiveCfg = Release|Win32
		{47E08D75-62F3-4402-B6B1-AA6FB97F0A79}.Release|x86.Build.0 = Release|Win32
		{136D5916-074A-4C66-B832-931108D30C05}.Debug|x64.ActiveCfg = Debug|x64
		{136D5916-074A-4C66-B832-931108D30C05}.Debug|x64.Build.0 = Debug|x64
		{136D5916-074A-4C66-B832-931108D30C05}.Debug|x86.ActiveCfg = Debug|Win32
		{136D5916-074A-4C66-B832-931108D30C05}.Debug|x86.Build.0 = Debug|Win32
		{136D5916-074A-4C66-B832-931108D30C05}.Release|x64.ActiveCfg = Release|x64
		{136D5916-074A-4C66-B832-931108D30C05}.Release|x64.Build.0 = Release|x64
		{136D5916-074A-4C66-B832-931108D30C05}.Release|x86.ActiveCfg = Release|Win32
		{136D5916-074A-4C66-B832-931108D30C05}.Release|x86.Build.0 = Release|Win32
		{BF5FAF25-4E29-42EC-B181-0C2D57F3AB6F}.Debug|x64.ActiveCfg = Debug|x64
		{BF5FAF25-4E29-42EC-B181-0C2D57F3AB6F}.Debug|x64.Build.0 = Debug|x64
		{BF5FAF25-4E29-42EC-B181-0C2D57F3AB6F}.Debug|x86.ActiveCfg = Debug|Win32
		{BF5FAF25-4E29-42EC-B181-0C2D57F3AB6F}.Debug|x86.Build.0 = Debug|Win32
		{BF5FAF25-4E29-42EC-B181-0C2D57F3AB6F}.Release|x64.ActiveCfg = Release|x64
		{BF5FAF25-4E29-42EC-B181-0C2D57F3AB6F}.Release|x64.Build.0 = Release|x64
		{BF5FAF25-4E29-42EC-B181-0C2D57F3AB6F}.Release|x86.ActiveCfg = Release|Win32
		{BF5FAF25-4E29-42EC-B181-0C2D57F3AB6F}.Release|x86.Build.0 = Release|Win32
		{198182B3-A359-4F97-AD62-8C8EA7288B6F}.Debug|x64.ActiveCfg = Debug|x64
		{198182B3-A359-4F97-AD62-8C8EA7288B6F}.Debug|x64.Build.0 = Debug|x64
		{198182B3-A359-4F97-AD62-8C8EA7288B6F}.Debug|x86.ActiveCfg = Debug|Win32
		{198182B3-A359-4F97-AD62-8C8EA7288B6F}.Debug|x86.Build.0 = Debug|Win32
		{198182B3-A359-4F97-AD62-8C8EA7288B6F}.Release|x64.ActiveCfg = Release|x64
		{198182B3-A359-4F97-AD62-8C8EA7288B6F}.Release|x64.Build.0 = Release|x64
		{198182B3-A359-4F97-AD62-8C8EA7288B6F}.Release|x86.ActiveCfg = Release|Win32
		{198182B3-A359-4F97-AD62-8C8EA7288B6F}.Release|x86.Build.0 = Release|Win32
		{A234F3A2-8C4F-4637-93A1-CCE8F5EFD9BC}.Debug|x64.ActiveCfg = Debug|x64
		{A234F3A2-8C4F-4637-93A1-CCE8F5EFD9BC}.Debug|x64.Build.0 = Debug|x64
		{A234F3A2-8C4F-4637-93A1-CCE8F5EFD9BC}.Debug|x86.ActiveCfg = Debug|Win32
		{A234F3A2-8C4F-4637-93A1-CCE8F5EFD9BC}.Debug|x86.Build.0 = Debug|Win32
		{A234F3A2-8C4F-4637-93A1-CCE8F5EFD9BC}.Release|x64.ActiveCfg = Release|x64
		{A234F3A2-8C4F-4637-93A1-CCE8F5EFD9BC}.Release|x64.Build.0 = Release|x64
		{A234F3A2-8C4F-4637-93A1-CCE8F5EFD9BC}.Release|x86.ActiveCfg = Release|Win32
		{A234F3A2-8C4F-4637-93A1-CCE8F5EFD9BC}.Release|x86.Build.0 = Release|Win32
		{D7E8DB0E-B72C-4B4C-8358-B8D7160AD31E}.Debug|x64.ActiveCfg = Debug|x64
		{D7E8DB0E-B72C-4B4C-8358-B8D7160AD31E}.Debug|x64.Build.0 = Debug|x64
		{D7E8DB0E-B72C-4B4C-8358-B8D7160AD31E}.Debug|x86.ActiveCfg = Debug|Win32
		{D7E8DB0E-B72C-4B4C-8358-B8D7160AD31E}.Debug|x86.Build.0 = Debug|Win32
		{D7E8DB0E-B72C-4B4C-8358-B8D7160AD31E}.Release|x64.ActiveCfg = Release|x64
		{D7E8DB0E-B72C-4B4C-8358-B8D7160AD31E}.Release|x64.Build.0 = Release|x64
		{D7E8DB0E-B72C-4B4C-8358-B8D7160AD31E}.Release|x86.ActiveCfg = Release|Win32
		{D7E8DB0E-B72C-4B4C-8358-B8D7160AD31E}.Release|x86.Build.0 = Release|Win32
	EndGlobalSection
	GlobalSection(SolutionProperties) = preSolution
		HideSolutionNode = FALSE
	EndGlobalSection
EndGlobal
