
Microsoft Visual Studio Solution File, Format Version 12.00
# Visual Studio 14
VisualStudioVersion = 14.0.25123.0
MinimumVisualStudioVersion = 10.0.40219.1
Project("{8BC9CEB8-8B4A-11D0-8D11-00A0C91BC942}") = "HelloWorld", "HelloWorld\HelloWorld.vcxproj", "{32E12D38-F293-4A9E-8DCC-665717C319CC}"
EndProject
Project("{8BC9CEB8-8B4A-11D0-8D11-00A0C91BC942}") = "ScopingTest", "ScopingTest\ScopingTest.vcxproj", "{1C68BD33-3FDF-43CC-80E7-281D01C7CD86}"
EndProject
Project("{8BC9CEB8-8B4A-11D0-8D11-00A0C91BC942}") = "PrintStudentID", "PrintStudentID\PrintStudentID.vcxproj", "{70034528-F9AB-4307-947A-4F3E752DDEB8}"
EndProject
Project("{8BC9CEB8-8B4A-11D0-8D11-00A0C91BC942}") = "VariablesExercise", "VariablesExercise\VariablesExercise.vcxproj", "{00D7C26F-C087-4993-BD89-F23D4D8F32D4}"
EndProject
Project("{8BC9CEB8-8B4A-11D0-8D11-00A0C91BC942}") = "ConditionalStatements", "ConditionalStatements\ConditionalStatements.vcxproj", "{1C5DA490-5715-4781-B2CD-B80051987012}"
EndProject
Project("{8BC9CEB8-8B4A-11D0-8D11-00A0C91BC942}") = "Loops", "Loops\Loops.vcxproj", "{E04C8828-8DE5-42AD-8968-D07727AB816A}"
EndProject
Project("{8BC9CEB8-8B4A-11D0-8D11-00A0C91BC942}") = "Arrays", "Arrays\Arrays.vcxproj", "{BAFEDF60-5B81-4893-B667-1D64D47847C9}"
EndProject
Global
	GlobalSection(SolutionConfigurationPlatforms) = preSolution
		Debug|x64 = Debug|x64
		Debug|x86 = Debug|x86
		Release|x64 = Release|x64
		Release|x86 = Release|x86
	EndGlobalSection
	GlobalSection(ProjectConfigurationPlatforms) = postSolution
		{32E12D38-F293-4A9E-8DCC-665717C319CC}.Debug|x64.ActiveCfg = Debug|x64
		{32E12D38-F293-4A9E-8DCC-665717C319CC}.Debug|x64.Build.0 = Debug|x64
		{32E12D38-F293-4A9E-8DCC-665717C319CC}.Debug|x86.ActiveCfg = Debug|Win32
		{32E12D38-F293-4A9E-8DCC-665717C319CC}.Debug|x86.Build.0 = Debug|Win32
		{32E12D38-F293-4A9E-8DCC-665717C319CC}.Release|x64.ActiveCfg = Release|x64
		{32E12D38-F293-4A9E-8DCC-665717C319CC}.Release|x64.Build.0 = Release|x64
		{32E12D38-F293-4A9E-8DCC-665717C319CC}.Release|x86.ActiveCfg = Release|Win32
		{32E12D38-F293-4A9E-8DCC-665717C319CC}.Release|x86.Build.0 = Release|Win32
		{1C68BD33-3FDF-43CC-80E7-281D01C7CD86}.Debug|x64.ActiveCfg = Debug|x64
		{1C68BD33-3FDF-43CC-80E7-281D01C7CD86}.Debug|x64.Build.0 = Debug|x64
		{1C68BD33-3FDF-43CC-80E7-281D01C7CD86}.Debug|x86.ActiveCfg = Debug|Win32
		{1C68BD33-3FDF-43CC-80E7-281D01C7CD86}.Debug|x86.Build.0 = Debug|Win32
		{1C68BD33-3FDF-43CC-80E7-281D01C7CD86}.Release|x64.ActiveCfg = Release|x64
		{1C68BD33-3FDF-43CC-80E7-281D01C7CD86}.Release|x64.Build.0 = Release|x64
		{1C68BD33-3FDF-43CC-80E7-281D01C7CD86}.Release|x86.ActiveCfg = Release|Win32
		{1C68BD33-3FDF-43CC-80E7-281D01C7CD86}.Release|x86.Build.0 = Release|Win32
		{70034528-F9AB-4307-947A-4F3E752DDEB8}.Debug|x64.ActiveCfg = Debug|x64
		{70034528-F9AB-4307-947A-4F3E752DDEB8}.Debug|x64.Build.0 = Debug|x64
		{70034528-F9AB-4307-947A-4F3E752DDEB8}.Debug|x86.ActiveCfg = Debug|Win32
		{70034528-F9AB-4307-947A-4F3E752DDEB8}.Debug|x86.Build.0 = Debug|Win32
		{70034528-F9AB-4307-947A-4F3E752DDEB8}.Release|x64.ActiveCfg = Release|x64
		{70034528-F9AB-4307-947A-4F3E752DDEB8}.Release|x64.Build.0 = Release|x64
		{70034528-F9AB-4307-947A-4F3E752DDEB8}.Release|x86.ActiveCfg = Release|Win32
		{70034528-F9AB-4307-947A-4F3E752DDEB8}.Release|x86.Build.0 = Release|Win32
		{00D7C26F-C087-4993-BD89-F23D4D8F32D4}.Debug|x64.ActiveCfg = Debug|x64
		{00D7C26F-C087-4993-BD89-F23D4D8F32D4}.Debug|x64.Build.0 = Debug|x64
		{00D7C26F-C087-4993-BD89-F23D4D8F32D4}.Debug|x86.ActiveCfg = Debug|Win32
		{00D7C26F-C087-4993-BD89-F23D4D8F32D4}.Debug|x86.Build.0 = Debug|Win32
		{00D7C26F-C087-4993-BD89-F23D4D8F32D4}.Release|x64.ActiveCfg = Release|x64
		{00D7C26F-C087-4993-BD89-F23D4D8F32D4}.Release|x64.Build.0 = Release|x64
		{00D7C26F-C087-4993-BD89-F23D4D8F32D4}.Release|x86.ActiveCfg = Release|Win32
		{00D7C26F-C087-4993-BD89-F23D4D8F32D4}.Release|x86.Build.0 = Release|Win32
		{1C5DA490-5715-4781-B2CD-B80051987012}.Debug|x64.ActiveCfg = Debug|x64
		{1C5DA490-5715-4781-B2CD-B80051987012}.Debug|x64.Build.0 = Debug|x64
		{1C5DA490-5715-4781-B2CD-B80051987012}.Debug|x86.ActiveCfg = Debug|Win32
		{1C5DA490-5715-4781-B2CD-B80051987012}.Debug|x86.Build.0 = Debug|Win32
		{1C5DA490-5715-4781-B2CD-B80051987012}.Release|x64.ActiveCfg = Release|x64
		{1C5DA490-5715-4781-B2CD-B80051987012}.Release|x64.Build.0 = Release|x64
		{1C5DA490-5715-4781-B2CD-B80051987012}.Release|x86.ActiveCfg = Release|Win32
		{1C5DA490-5715-4781-B2CD-B80051987012}.Release|x86.Build.0 = Release|Win32
		{E04C8828-8DE5-42AD-8968-D07727AB816A}.Debug|x64.ActiveCfg = Debug|x64
		{E04C8828-8DE5-42AD-8968-D07727AB816A}.Debug|x64.Build.0 = Debug|x64
		{E04C8828-8DE5-42AD-8968-D07727AB816A}.Debug|x86.ActiveCfg = Debug|Win32
		{E04C8828-8DE5-42AD-8968-D07727AB816A}.Debug|x86.Build.0 = Debug|Win32
		{E04C8828-8DE5-42AD-8968-D07727AB816A}.Release|x64.ActiveCfg = Release|x64
		{E04C8828-8DE5-42AD-8968-D07727AB816A}.Release|x64.Build.0 = Release|x64
		{E04C8828-8DE5-42AD-8968-D07727AB816A}.Release|x86.ActiveCfg = Release|Win32
		{E04C8828-8DE5-42AD-8968-D07727AB816A}.Release|x86.Build.0 = Release|Win32
		{BAFEDF60-5B81-4893-B667-1D64D47847C9}.Debug|x64.ActiveCfg = Debug|x64
		{BAFEDF60-5B81-4893-B667-1D64D47847C9}.Debug|x64.Build.0 = Debug|x64
		{BAFEDF60-5B81-4893-B667-1D64D47847C9}.Debug|x86.ActiveCfg = Debug|Win32
		{BAFEDF60-5B81-4893-B667-1D64D47847C9}.Debug|x86.Build.0 = Debug|Win32
		{BAFEDF60-5B81-4893-B667-1D64D47847C9}.Release|x64.ActiveCfg = Release|x64
		{BAFEDF60-5B81-4893-B667-1D64D47847C9}.Release|x64.Build.0 = Release|x64
		{BAFEDF60-5B81-4893-B667-1D64D47847C9}.Release|x86.ActiveCfg = Release|Win32
		{BAFEDF60-5B81-4893-B667-1D64D47847C9}.Release|x86.Build.0 = Release|Win32
	EndGlobalSection
	GlobalSection(SolutionProperties) = preSolution
		HideSolutionNode = FALSE
	EndGlobalSection
EndGlobal
