
Microsoft Visual Studio Solution File, Format Version 12.00
# Visual Studio 14
VisualStudioVersion = 14.0.25123.0
MinimumVisualStudioVersion = 10.0.40219.1
Project("{8BC9CEB8-8B4A-11D0-8D11-00A0C91BC942}") = "HelloWorld", "HelloWorld\HelloWorld.vcxproj", "{32E12D38-F293-4A9E-8DCC-665717C319CC}"
EndProject
Project("{8BC9CEB8-8B4A-11D0-8D11-00A0C91BC942}") = "ScopingTest", "ScopingTest\ScopingTest.vcxproj", "{1C68BD33-3FDF-43CC-80E7-281D01C7CD86}"
EndProject
Project("{8BC9CEB8-8B4A-11D0-8D11-00A0C91BC942}") = "PrintStudentID", "PrintStudentID\PrintStudentID.vcxproj", "{70034528-F9AB-4307-947A-4F3E752DDEB8}"
EndProject
Project("{8BC9CEB8-8B4A-11D0-8D11-00A0C91BC942}") = "Variables", "VariablesExercise\VariablesExercise.vcxproj", "{00D7C26F-C087-4993-BD89-F23D4D8F32D4}"
EndProject
Project("{8BC9CEB8-8B4A-11D0-8D11-00A0C91BC942}") = "Conditionals", "ConditionalStatements\ConditionalStatements.vcxproj", "{1C5DA490-5715-4781-B2CD-B80051987012}"
EndProject
Project("{8BC9CEB8-8B4A-11D0-8D11-00A0C91BC942}") = "Loops", "Loops\Loops.vcxproj", "{E04C8828-8DE5-42AD-8968-D07727AB816A}"
EndProject
Project("{8BC9CEB8-8B4A-11D0-8D11-00A0C91BC942}") = "Arrays", "Arrays\Arrays.vcxproj", "{BAFEDF60-5B81-4893-B667-1D64D47847C9}"
EndProject
Project("{8BC9CEB8-8B4A-11D0-8D11-00A0C91BC942}") = "Functions", "Functions\Functions.vcxproj", "{DCFC36B7-2A50-42AD-BAF7-9D2BB058632F}"
EndProject
Project("{8BC9CEB8-8B4A-11D0-8D11-00A0C91BC942}") = "ClassExamples", "ClassExamples\ClassExamples.vcxproj", "{2468406A-ACC6-4D15-840F-D326EFD684AA}"
EndProject
Project("{8BC9CEB8-8B4A-11D0-8D11-00A0C91BC942}") = "Structs", "Structs\Structs.vcxproj", "{D03731E9-459F-45CA-A75E-D121FC3E77A5}"
EndProject
Project("{8BC9CEB8-8B4A-11D0-8D11-00A0C91BC942}") = "MiniGames", "MiniGames\MiniGames.vcxproj", "{12AE1BBF-69C5-42F1-BE39-03F4507C3E73}"
EndProject
Project("{8BC9CEB8-8B4A-11D0-8D11-00A0C91BC942}") = "CustomStringClass", "CustomStringClass\CustomStringClass.vcxproj", "{FD54FCC5-6DD2-4EE0-B708-20B06D420826}"
EndProject
Project("{8BC9CEB8-8B4A-11D0-8D11-00A0C91BC942}") = "References", "References\References.vcxproj", "{47E08D75-62F3-4402-B6B1-AA6FB97F0A79}"
EndProject
Project("{8BC9CEB8-8B4A-11D0-8D11-00A0C91BC942}") = "TextBasedAdventure", "TextBasedAdventure\TextBasedAdventure.vcxproj", "{136D5916-074A-4C66-B832-931108D30C05}"
EndProject
Project("{8BC9CEB8-8B4A-11D0-8D11-00A0C91BC942}") = "GistAssignements", "GistAssisgnments\GistAssisgnments.vcxproj", "{BF5FAF25-4E29-42EC-B181-0C2D57F3AB6F}"
EndProject
Project("{8BC9CEB8-8B4A-11D0-8D11-00A0C91BC942}") = "ReversePolishCalculator", "ReversePolishCalculator\ReversePolishCalculator.vcxproj", "{198182B3-A359-4F97-AD62-8C8EA7288B6F}"
EndProject
Project("{8BC9CEB8-8B4A-11D0-8D11-00A0C91BC942}") = "StackAssignment", "StackAssignment\StackAssignment.vcxproj", "{A234F3A2-8C4F-4637-93A1-CCE8F5EFD9BC}"
EndProject
Project("{8BC9CEB8-8B4A-11D0-8D11-00A0C91BC942}") = "Inheritance", "Inheritance\Inheritance.vcxproj", "{D7E8DB0E-B72C-4B4C-8358-B8D7160AD31E}"
EndProject
Project("{8BC9CEB8-8B4A-11D0-8D11-00A0C91BC942}") = "BaseAppInheritance", "BaseAppInheritance\BaseAppInheritance.vcxproj", "{271FBDB4-E3DA-407F-AFF2-7277CB9EED7A}"
EndProject
Project("{8BC9CEB8-8B4A-11D0-8D11-00A0C91BC942}") = "StaticClasses", "StaticClasses\StaticClasses.vcxproj", "{584117BB-45D7-4839-9FD0-82DC3AE10630}"
EndProject
Project("{8BC9CEB8-8B4A-11D0-8D11-00A0C91BC942}") = "Templates", "Templates\Templates.vcxproj", "{50F1E8D0-EA03-4F39-ADFF-1CA9C1246C52}"
EndProject
Project("{8BC9CEB8-8B4A-11D0-8D11-00A0C91BC942}") = "OverloadingOperators", "OverloadingOperators\OverloadingOperators.vcxproj", "{E0A9E2E7-DA13-4C02-978E-D82857885A88}"
EndProject
Project("{8BC9CEB8-8B4A-11D0-8D11-00A0C91BC942}") = "WeaponDPS", "WeaponDPS\WeaponDPS.vcxproj", "{D5E5649C-DA8E-4348-BB03-E280645787E6}"
EndProject
Project("{8BC9CEB8-8B4A-11D0-8D11-00A0C91BC942}") = "DiceRoll", "DiceRoll\DiceRoll.vcxproj", "{19F0B146-3AF0-4E68-9E9D-7B64E56313AB}"
EndProject
Project("{8BC9CEB8-8B4A-11D0-8D11-00A0C91BC942}") = "TemplateExcersises", "Template Excersises\Template Excersises.vcxproj", "{DE17624D-40D8-4B7A-B7E2-48DA0E8F6581}"
EndProject
Project("{8BC9CEB8-8B4A-11D0-8D11-00A0C91BC942}") = "LinkedList", "LinkedList\LinkedList.vcxproj", "{1ADBFD52-7F36-4F1F-A1F0-2383554DB2B2}"
EndProject
Project("{8BC9CEB8-8B4A-11D0-8D11-00A0C91BC942}") = "Matrices", "Matrices\Matrices.vcxproj", "{95C0B3AA-39BE-48AF-A591-8B254ACA4C62}"
EndProject
Project("{8BC9CEB8-8B4A-11D0-8D11-00A0C91BC942}") = "VectorMathLibrary", "VectorMathLibrary\VectorMathLibrary.vcxproj", "{664DA66C-535E-4149-970C-ECDE79F442E2}"
EndProject
Project("{8BC9CEB8-8B4A-11D0-8D11-00A0C91BC942}") = "MathLibrary", "MathLibrary\MathLibrary.vcxproj", "{9EEB6A56-9C33-4A90-8556-EEB535F441EB}"
EndProject
Project("{8BC9CEB8-8B4A-11D0-8D11-00A0C91BC942}") = "UnitTesting", "UnitTesting\UnitTesting.vcxproj", "{6300DA05-155C-4242-8FBF-34F5CC630B9D}"
EndProject
Project("{8BC9CEB8-8B4A-11D0-8D11-00A0C91BC942}") = "GistTest", "GistTest\GistTest.vcxproj", "{C01800D0-8ECF-46A1-8D68-ED8445CBBF7D}"
EndProject
Project("{8BC9CEB8-8B4A-11D0-8D11-00A0C91BC942}") = "ReadingFromFile", "ReadingFromFile\ReadingFromFile.vcxproj", "{673179FA-5CBB-45C8-A3ED-65AD01808F86}"
EndProject
Project("{8BC9CEB8-8B4A-11D0-8D11-00A0C91BC942}") = "PathfindingLecture", "PathfindingLecture\PathfindingLecture.vcxproj", "{4B849C24-ED94-4186-B28F-80603F53DD6E}"
EndProject
Project("{8BC9CEB8-8B4A-11D0-8D11-00A0C91BC942}") = "ShapeClasses", "ShapeClasses\ShapeClasses.vcxproj", "{674C70F1-669C-4C09-AEAA-3DDF500A59F3}"
EndProject
Global
	GlobalSection(SolutionConfigurationPlatforms) = preSolution
		Debug|x64 = Debug|x64
		Debug|x86 = Debug|x86
		Release|x64 = Release|x64
		Release|x86 = Release|x86
	EndGlobalSection
	GlobalSection(ProjectConfigurationPlatforms) = postSolution
		{32E12D38-F293-4A9E-8DCC-665717C319CC}.Debug|x64.ActiveCfg = Debug|x64
		{32E12D38-F293-4A9E-8DCC-665717C319CC}.Debug|x64.Build.0 = Debug|x64
		{32E12D38-F293-4A9E-8DCC-665717C319CC}.Debug|x86.ActiveCfg = Debug|Win32
		{32E12D38-F293-4A9E-8DCC-665717C319CC}.Debug|x86.Build.0 = Debug|Win32
		{32E12D38-F293-4A9E-8DCC-665717C319CC}.Release|x64.ActiveCfg = Release|x64
		{32E12D38-F293-4A9E-8DCC-665717C319CC}.Release|x64.Build.0 = Release|x64
		{32E12D38-F293-4A9E-8DCC-665717C319CC}.Release|x86.ActiveCfg = Release|Win32
		{32E12D38-F293-4A9E-8DCC-665717C319CC}.Release|x86.Build.0 = Release|Win32
		{1C68BD33-3FDF-43CC-80E7-281D01C7CD86}.Debug|x64.ActiveCfg = Debug|x64
		{1C68BD33-3FDF-43CC-80E7-281D01C7CD86}.Debug|x64.Build.0 = Debug|x64
		{1C68BD33-3FDF-43CC-80E7-281D01C7CD86}.Debug|x86.ActiveCfg = Debug|Win32
		{1C68BD33-3FDF-43CC-80E7-281D01C7CD86}.Debug|x86.Build.0 = Debug|Win32
		{1C68BD33-3FDF-43CC-80E7-281D01C7CD86}.Release|x64.ActiveCfg = Release|x64
		{1C68BD33-3FDF-43CC-80E7-281D01C7CD86}.Release|x64.Build.0 = Release|x64
		{1C68BD33-3FDF-43CC-80E7-281D01C7CD86}.Release|x86.ActiveCfg = Release|Win32
		{1C68BD33-3FDF-43CC-80E7-281D01C7CD86}.Release|x86.Build.0 = Release|Win32
		{70034528-F9AB-4307-947A-4F3E752DDEB8}.Debug|x64.ActiveCfg = Debug|x64
		{70034528-F9AB-4307-947A-4F3E752DDEB8}.Debug|x64.Build.0 = Debug|x64
		{70034528-F9AB-4307-947A-4F3E752DDEB8}.Debug|x86.ActiveCfg = Debug|Win32
		{70034528-F9AB-4307-947A-4F3E752DDEB8}.Debug|x86.Build.0 = Debug|Win32
		{70034528-F9AB-4307-947A-4F3E752DDEB8}.Release|x64.ActiveCfg = Release|x64
		{70034528-F9AB-4307-947A-4F3E752DDEB8}.Release|x64.Build.0 = Release|x64
		{70034528-F9AB-4307-947A-4F3E752DDEB8}.Release|x86.ActiveCfg = Release|Win32
		{70034528-F9AB-4307-947A-4F3E752DDEB8}.Release|x86.Build.0 = Release|Win32
		{00D7C26F-C087-4993-BD89-F23D4D8F32D4}.Debug|x64.ActiveCfg = Debug|x64
		{00D7C26F-C087-4993-BD89-F23D4D8F32D4}.Debug|x64.Build.0 = Debug|x64
		{00D7C26F-C087-4993-BD89-F23D4D8F32D4}.Debug|x86.ActiveCfg = Debug|Win32
		{00D7C26F-C087-4993-BD89-F23D4D8F32D4}.Debug|x86.Build.0 = Debug|Win32
		{00D7C26F-C087-4993-BD89-F23D4D8F32D4}.Release|x64.ActiveCfg = Release|x64
		{00D7C26F-C087-4993-BD89-F23D4D8F32D4}.Release|x64.Build.0 = Release|x64
		{00D7C26F-C087-4993-BD89-F23D4D8F32D4}.Release|x86.ActiveCfg = Release|Win32
		{00D7C26F-C087-4993-BD89-F23D4D8F32D4}.Release|x86.Build.0 = Release|Win32
		{1C5DA490-5715-4781-B2CD-B80051987012}.Debug|x64.ActiveCfg = Debug|x64
		{1C5DA490-5715-4781-B2CD-B80051987012}.Debug|x64.Build.0 = Debug|x64
		{1C5DA490-5715-4781-B2CD-B80051987012}.Debug|x86.ActiveCfg = Debug|Win32
		{1C5DA490-5715-4781-B2CD-B80051987012}.Debug|x86.Build.0 = Debug|Win32
		{1C5DA490-5715-4781-B2CD-B80051987012}.Release|x64.ActiveCfg = Release|x64
		{1C5DA490-5715-4781-B2CD-B80051987012}.Release|x64.Build.0 = Release|x64
		{1C5DA490-5715-4781-B2CD-B80051987012}.Release|x86.ActiveCfg = Release|Win32
		{1C5DA490-5715-4781-B2CD-B80051987012}.Release|x86.Build.0 = Release|Win32
		{E04C8828-8DE5-42AD-8968-D07727AB816A}.Debug|x64.ActiveCfg = Debug|x64
		{E04C8828-8DE5-42AD-8968-D07727AB816A}.Debug|x64.Build.0 = Debug|x64
		{E04C8828-8DE5-42AD-8968-D07727AB816A}.Debug|x86.ActiveCfg = Debug|Win32
		{E04C8828-8DE5-42AD-8968-D07727AB816A}.Debug|x86.Build.0 = Debug|Win32
		{E04C8828-8DE5-42AD-8968-D07727AB816A}.Release|x64.ActiveCfg = Release|x64
		{E04C8828-8DE5-42AD-8968-D07727AB816A}.Release|x64.Build.0 = Release|x64
		{E04C8828-8DE5-42AD-8968-D07727AB816A}.Release|x86.ActiveCfg = Release|Win32
		{E04C8828-8DE5-42AD-8968-D07727AB816A}.Release|x86.Build.0 = Release|Win32
		{BAFEDF60-5B81-4893-B667-1D64D47847C9}.Debug|x64.ActiveCfg = Debug|x64
		{BAFEDF60-5B81-4893-B667-1D64D47847C9}.Debug|x64.Build.0 = Debug|x64
		{BAFEDF60-5B81-4893-B667-1D64D47847C9}.Debug|x86.ActiveCfg = Debug|Win32
		{BAFEDF60-5B81-4893-B667-1D64D47847C9}.Debug|x86.Build.0 = Debug|Win32
		{BAFEDF60-5B81-4893-B667-1D64D47847C9}.Release|x64.ActiveCfg = Release|x64
		{BAFEDF60-5B81-4893-B667-1D64D47847C9}.Release|x64.Build.0 = Release|x64
		{BAFEDF60-5B81-4893-B667-1D64D47847C9}.Release|x86.ActiveCfg = Release|Win32
		{BAFEDF60-5B81-4893-B667-1D64D47847C9}.Release|x86.Build.0 = Release|Win32
		{DCFC36B7-2A50-42AD-BAF7-9D2BB058632F}.Debug|x64.ActiveCfg = Debug|x64
		{DCFC36B7-2A50-42AD-BAF7-9D2BB058632F}.Debug|x64.Build.0 = Debug|x64
		{DCFC36B7-2A50-42AD-BAF7-9D2BB058632F}.Debug|x86.ActiveCfg = Debug|Win32
		{DCFC36B7-2A50-42AD-BAF7-9D2BB058632F}.Debug|x86.Build.0 = Debug|Win32
		{DCFC36B7-2A50-42AD-BAF7-9D2BB058632F}.Release|x64.ActiveCfg = Release|x64
		{DCFC36B7-2A50-42AD-BAF7-9D2BB058632F}.Release|x64.Build.0 = Release|x64
		{DCFC36B7-2A50-42AD-BAF7-9D2BB058632F}.Release|x86.ActiveCfg = Release|Win32
		{DCFC36B7-2A50-42AD-BAF7-9D2BB058632F}.Release|x86.Build.0 = Release|Win32
		{2468406A-ACC6-4D15-840F-D326EFD684AA}.Debug|x64.ActiveCfg = Debug|x64
		{2468406A-ACC6-4D15-840F-D326EFD684AA}.Debug|x64.Build.0 = Debug|x64
		{2468406A-ACC6-4D15-840F-D326EFD684AA}.Debug|x86.ActiveCfg = Debug|Win32
		{2468406A-ACC6-4D15-840F-D326EFD684AA}.Debug|x86.Build.0 = Debug|Win32
		{2468406A-ACC6-4D15-840F-D326EFD684AA}.Release|x64.ActiveCfg = Release|x64
		{2468406A-ACC6-4D15-840F-D326EFD684AA}.Release|x64.Build.0 = Release|x64
		{2468406A-ACC6-4D15-840F-D326EFD684AA}.Release|x86.ActiveCfg = Release|Win32
		{2468406A-ACC6-4D15-840F-D326EFD684AA}.Release|x86.Build.0 = Release|Win32
		{D03731E9-459F-45CA-A75E-D121FC3E77A5}.Debug|x64.ActiveCfg = Debug|x64
		{D03731E9-459F-45CA-A75E-D121FC3E77A5}.Debug|x64.Build.0 = Debug|x64
		{D03731E9-459F-45CA-A75E-D121FC3E77A5}.Debug|x86.ActiveCfg = Debug|Win32
		{D03731E9-459F-45CA-A75E-D121FC3E77A5}.Debug|x86.Build.0 = Debug|Win32
		{D03731E9-459F-45CA-A75E-D121FC3E77A5}.Release|x64.ActiveCfg = Release|x64
		{D03731E9-459F-45CA-A75E-D121FC3E77A5}.Release|x64.Build.0 = Release|x64
		{D03731E9-459F-45CA-A75E-D121FC3E77A5}.Release|x86.ActiveCfg = Release|Win32
		{D03731E9-459F-45CA-A75E-D121FC3E77A5}.Release|x86.Build.0 = Release|Win32
		{12AE1BBF-69C5-42F1-BE39-03F4507C3E73}.Debug|x64.ActiveCfg = Debug|x64
		{12AE1BBF-69C5-42F1-BE39-03F4507C3E73}.Debug|x64.Build.0 = Debug|x64
		{12AE1BBF-69C5-42F1-BE39-03F4507C3E73}.Debug|x86.ActiveCfg = Debug|Win32
		{12AE1BBF-69C5-42F1-BE39-03F4507C3E73}.Debug|x86.Build.0 = Debug|Win32
		{12AE1BBF-69C5-42F1-BE39-03F4507C3E73}.Release|x64.ActiveCfg = Release|x64
		{12AE1BBF-69C5-42F1-BE39-03F4507C3E73}.Release|x64.Build.0 = Release|x64
		{12AE1BBF-69C5-42F1-BE39-03F4507C3E73}.Release|x86.ActiveCfg = Release|Win32
		{12AE1BBF-69C5-42F1-BE39-03F4507C3E73}.Release|x86.Build.0 = Release|Win32
		{FD54FCC5-6DD2-4EE0-B708-20B06D420826}.Debug|x64.ActiveCfg = Debug|x64
		{FD54FCC5-6DD2-4EE0-B708-20B06D420826}.Debug|x64.Build.0 = Debug|x64
		{FD54FCC5-6DD2-4EE0-B708-20B06D420826}.Debug|x86.ActiveCfg = Debug|Win32
		{FD54FCC5-6DD2-4EE0-B708-20B06D420826}.Debug|x86.Build.0 = Debug|Win32
		{FD54FCC5-6DD2-4EE0-B708-20B06D420826}.Release|x64.ActiveCfg = Release|x64
		{FD54FCC5-6DD2-4EE0-B708-20B06D420826}.Release|x64.Build.0 = Release|x64
		{FD54FCC5-6DD2-4EE0-B708-20B06D420826}.Release|x86.ActiveCfg = Release|Win32
		{FD54FCC5-6DD2-4EE0-B708-20B06D420826}.Release|x86.Build.0 = Release|Win32
		{47E08D75-62F3-4402-B6B1-AA6FB97F0A79}.Debug|x64.ActiveCfg = Debug|x64
		{47E08D75-62F3-4402-B6B1-AA6FB97F0A79}.Debug|x64.Build.0 = Debug|x64
		{47E08D75-62F3-4402-B6B1-AA6FB97F0A79}.Debug|x86.ActiveCfg = Debug|Win32
		{47E08D75-62F3-4402-B6B1-AA6FB97F0A79}.Debug|x86.Build.0 = Debug|Win32
		{47E08D75-62F3-4402-B6B1-AA6FB97F0A79}.Release|x64.ActiveCfg = Release|x64
		{47E08D75-62F3-4402-B6B1-AA6FB97F0A79}.Release|x64.Build.0 = Release|x64
		{47E08D75-62F3-4402-B6B1-AA6FB97F0A79}.Release|x86.ActiveCfg = Release|Win32
		{47E08D75-62F3-4402-B6B1-AA6FB97F0A79}.Release|x86.Build.0 = Release|Win32
		{136D5916-074A-4C66-B832-931108D30C05}.Debug|x64.ActiveCfg = Debug|x64
		{136D5916-074A-4C66-B832-931108D30C05}.Debug|x64.Build.0 = Debug|x64
		{136D5916-074A-4C66-B832-931108D30C05}.Debug|x86.ActiveCfg = Debug|Win32
		{136D5916-074A-4C66-B832-931108D30C05}.Debug|x86.Build.0 = Debug|Win32
		{136D5916-074A-4C66-B832-931108D30C05}.Release|x64.ActiveCfg = Release|x64
		{136D5916-074A-4C66-B832-931108D30C05}.Release|x64.Build.0 = Release|x64
		{136D5916-074A-4C66-B832-931108D30C05}.Release|x86.ActiveCfg = Release|Win32
		{136D5916-074A-4C66-B832-931108D30C05}.Release|x86.Build.0 = Release|Win32
		{BF5FAF25-4E29-42EC-B181-0C2D57F3AB6F}.Debug|x64.ActiveCfg = Debug|x64
		{BF5FAF25-4E29-42EC-B181-0C2D57F3AB6F}.Debug|x64.Build.0 = Debug|x64
		{BF5FAF25-4E29-42EC-B181-0C2D57F3AB6F}.Debug|x86.ActiveCfg = Debug|Win32
		{BF5FAF25-4E29-42EC-B181-0C2D57F3AB6F}.Debug|x86.Build.0 = Debug|Win32
		{BF5FAF25-4E29-42EC-B181-0C2D57F3AB6F}.Release|x64.ActiveCfg = Release|x64
		{BF5FAF25-4E29-42EC-B181-0C2D57F3AB6F}.Release|x64.Build.0 = Release|x64
		{BF5FAF25-4E29-42EC-B181-0C2D57F3AB6F}.Release|x86.ActiveCfg = Release|Win32
		{BF5FAF25-4E29-42EC-B181-0C2D57F3AB6F}.Release|x86.Build.0 = Release|Win32
		{198182B3-A359-4F97-AD62-8C8EA7288B6F}.Debug|x64.ActiveCfg = Debug|x64
		{198182B3-A359-4F97-AD62-8C8EA7288B6F}.Debug|x64.Build.0 = Debug|x64
		{198182B3-A359-4F97-AD62-8C8EA7288B6F}.Debug|x86.ActiveCfg = Debug|Win32
		{198182B3-A359-4F97-AD62-8C8EA7288B6F}.Debug|x86.Build.0 = Debug|Win32
		{198182B3-A359-4F97-AD62-8C8EA7288B6F}.Release|x64.ActiveCfg = Release|x64
		{198182B3-A359-4F97-AD62-8C8EA7288B6F}.Release|x64.Build.0 = Release|x64
		{198182B3-A359-4F97-AD62-8C8EA7288B6F}.Release|x86.ActiveCfg = Release|Win32
		{198182B3-A359-4F97-AD62-8C8EA7288B6F}.Release|x86.Build.0 = Release|Win32
		{A234F3A2-8C4F-4637-93A1-CCE8F5EFD9BC}.Debug|x64.ActiveCfg = Debug|x64
		{A234F3A2-8C4F-4637-93A1-CCE8F5EFD9BC}.Debug|x64.Build.0 = Debug|x64
		{A234F3A2-8C4F-4637-93A1-CCE8F5EFD9BC}.Debug|x86.ActiveCfg = Debug|Win32
		{A234F3A2-8C4F-4637-93A1-CCE8F5EFD9BC}.Debug|x86.Build.0 = Debug|Win32
		{A234F3A2-8C4F-4637-93A1-CCE8F5EFD9BC}.Release|x64.ActiveCfg = Release|x64
		{A234F3A2-8C4F-4637-93A1-CCE8F5EFD9BC}.Release|x64.Build.0 = Release|x64
		{A234F3A2-8C4F-4637-93A1-CCE8F5EFD9BC}.Release|x86.ActiveCfg = Release|Win32
		{A234F3A2-8C4F-4637-93A1-CCE8F5EFD9BC}.Release|x86.Build.0 = Release|Win32
		{D7E8DB0E-B72C-4B4C-8358-B8D7160AD31E}.Debug|x64.ActiveCfg = Debug|x64
		{D7E8DB0E-B72C-4B4C-8358-B8D7160AD31E}.Debug|x64.Build.0 = Debug|x64
		{D7E8DB0E-B72C-4B4C-8358-B8D7160AD31E}.Debug|x86.ActiveCfg = Debug|Win32
		{D7E8DB0E-B72C-4B4C-8358-B8D7160AD31E}.Debug|x86.Build.0 = Debug|Win32
		{D7E8DB0E-B72C-4B4C-8358-B8D7160AD31E}.Release|x64.ActiveCfg = Release|x64
		{D7E8DB0E-B72C-4B4C-8358-B8D7160AD31E}.Release|x64.Build.0 = Release|x64
		{D7E8DB0E-B72C-4B4C-8358-B8D7160AD31E}.Release|x86.ActiveCfg = Release|Win32
		{D7E8DB0E-B72C-4B4C-8358-B8D7160AD31E}.Release|x86.Build.0 = Release|Win32
		{271FBDB4-E3DA-407F-AFF2-7277CB9EED7A}.Debug|x64.ActiveCfg = Debug|x64
		{271FBDB4-E3DA-407F-AFF2-7277CB9EED7A}.Debug|x64.Build.0 = Debug|x64
		{271FBDB4-E3DA-407F-AFF2-7277CB9EED7A}.Debug|x86.ActiveCfg = Debug|Win32
		{271FBDB4-E3DA-407F-AFF2-7277CB9EED7A}.Debug|x86.Build.0 = Debug|Win32
		{271FBDB4-E3DA-407F-AFF2-7277CB9EED7A}.Release|x64.ActiveCfg = Release|x64
		{271FBDB4-E3DA-407F-AFF2-7277CB9EED7A}.Release|x64.Build.0 = Release|x64
		{271FBDB4-E3DA-407F-AFF2-7277CB9EED7A}.Release|x86.ActiveCfg = Release|Win32
		{271FBDB4-E3DA-407F-AFF2-7277CB9EED7A}.Release|x86.Build.0 = Release|Win32
		{584117BB-45D7-4839-9FD0-82DC3AE10630}.Debug|x64.ActiveCfg = Debug|x64
		{584117BB-45D7-4839-9FD0-82DC3AE10630}.Debug|x64.Build.0 = Debug|x64
		{584117BB-45D7-4839-9FD0-82DC3AE10630}.Debug|x86.ActiveCfg = Debug|Win32
		{584117BB-45D7-4839-9FD0-82DC3AE10630}.Debug|x86.Build.0 = Debug|Win32
		{584117BB-45D7-4839-9FD0-82DC3AE10630}.Release|x64.ActiveCfg = Release|x64
		{584117BB-45D7-4839-9FD0-82DC3AE10630}.Release|x64.Build.0 = Release|x64
		{584117BB-45D7-4839-9FD0-82DC3AE10630}.Release|x86.ActiveCfg = Release|Win32
		{584117BB-45D7-4839-9FD0-82DC3AE10630}.Release|x86.Build.0 = Release|Win32
		{50F1E8D0-EA03-4F39-ADFF-1CA9C1246C52}.Debug|x64.ActiveCfg = Debug|x64
		{50F1E8D0-EA03-4F39-ADFF-1CA9C1246C52}.Debug|x64.Build.0 = Debug|x64
		{50F1E8D0-EA03-4F39-ADFF-1CA9C1246C52}.Debug|x86.ActiveCfg = Debug|Win32
		{50F1E8D0-EA03-4F39-ADFF-1CA9C1246C52}.Debug|x86.Build.0 = Debug|Win32
		{50F1E8D0-EA03-4F39-ADFF-1CA9C1246C52}.Release|x64.ActiveCfg = Release|x64
		{50F1E8D0-EA03-4F39-ADFF-1CA9C1246C52}.Release|x64.Build.0 = Release|x64
		{50F1E8D0-EA03-4F39-ADFF-1CA9C1246C52}.Release|x86.ActiveCfg = Release|Win32
		{50F1E8D0-EA03-4F39-ADFF-1CA9C1246C52}.Release|x86.Build.0 = Release|Win32
		{E0A9E2E7-DA13-4C02-978E-D82857885A88}.Debug|x64.ActiveCfg = Debug|x64
		{E0A9E2E7-DA13-4C02-978E-D82857885A88}.Debug|x64.Build.0 = Debug|x64
		{E0A9E2E7-DA13-4C02-978E-D82857885A88}.Debug|x86.ActiveCfg = Debug|Win32
		{E0A9E2E7-DA13-4C02-978E-D82857885A88}.Debug|x86.Build.0 = Debug|Win32
		{E0A9E2E7-DA13-4C02-978E-D82857885A88}.Release|x64.ActiveCfg = Release|x64
		{E0A9E2E7-DA13-4C02-978E-D82857885A88}.Release|x64.Build.0 = Release|x64
		{E0A9E2E7-DA13-4C02-978E-D82857885A88}.Release|x86.ActiveCfg = Release|Win32
		{E0A9E2E7-DA13-4C02-978E-D82857885A88}.Release|x86.Build.0 = Release|Win32
		{D5E5649C-DA8E-4348-BB03-E280645787E6}.Debug|x64.ActiveCfg = Debug|x64
		{D5E5649C-DA8E-4348-BB03-E280645787E6}.Debug|x64.Build.0 = Debug|x64
		{D5E5649C-DA8E-4348-BB03-E280645787E6}.Debug|x86.ActiveCfg = Debug|Win32
		{D5E5649C-DA8E-4348-BB03-E280645787E6}.Debug|x86.Build.0 = Debug|Win32
		{D5E5649C-DA8E-4348-BB03-E280645787E6}.Release|x64.ActiveCfg = Release|x64
		{D5E5649C-DA8E-4348-BB03-E280645787E6}.Release|x64.Build.0 = Release|x64
		{D5E5649C-DA8E-4348-BB03-E280645787E6}.Release|x86.ActiveCfg = Release|Win32
		{D5E5649C-DA8E-4348-BB03-E280645787E6}.Release|x86.Build.0 = Release|Win32
		{19F0B146-3AF0-4E68-9E9D-7B64E56313AB}.Debug|x64.ActiveCfg = Debug|x64
		{19F0B146-3AF0-4E68-9E9D-7B64E56313AB}.Debug|x64.Build.0 = Debug|x64
		{19F0B146-3AF0-4E68-9E9D-7B64E56313AB}.Debug|x86.ActiveCfg = Debug|Win32
		{19F0B146-3AF0-4E68-9E9D-7B64E56313AB}.Debug|x86.Build.0 = Debug|Win32
		{19F0B146-3AF0-4E68-9E9D-7B64E56313AB}.Release|x64.ActiveCfg = Release|x64
		{19F0B146-3AF0-4E68-9E9D-7B64E56313AB}.Release|x64.Build.0 = Release|x64
		{19F0B146-3AF0-4E68-9E9D-7B64E56313AB}.Release|x86.ActiveCfg = Release|Win32
		{19F0B146-3AF0-4E68-9E9D-7B64E56313AB}.Release|x86.Build.0 = Release|Win32
		{DE17624D-40D8-4B7A-B7E2-48DA0E8F6581}.Debug|x64.ActiveCfg = Debug|x64
		{DE17624D-40D8-4B7A-B7E2-48DA0E8F6581}.Debug|x64.Build.0 = Debug|x64
		{DE17624D-40D8-4B7A-B7E2-48DA0E8F6581}.Debug|x86.ActiveCfg = Debug|Win32
		{DE17624D-40D8-4B7A-B7E2-48DA0E8F6581}.Debug|x86.Build.0 = Debug|Win32
		{DE17624D-40D8-4B7A-B7E2-48DA0E8F6581}.Release|x64.ActiveCfg = Release|x64
		{DE17624D-40D8-4B7A-B7E2-48DA0E8F6581}.Release|x64.Build.0 = Release|x64
		{DE17624D-40D8-4B7A-B7E2-48DA0E8F6581}.Release|x86.ActiveCfg = Release|Win32
		{DE17624D-40D8-4B7A-B7E2-48DA0E8F6581}.Release|x86.Build.0 = Release|Win32
		{1ADBFD52-7F36-4F1F-A1F0-2383554DB2B2}.Debug|x64.ActiveCfg = Debug|x64
		{1ADBFD52-7F36-4F1F-A1F0-2383554DB2B2}.Debug|x64.Build.0 = Debug|x64
		{1ADBFD52-7F36-4F1F-A1F0-2383554DB2B2}.Debug|x86.ActiveCfg = Debug|Win32
		{1ADBFD52-7F36-4F1F-A1F0-2383554DB2B2}.Debug|x86.Build.0 = Debug|Win32
		{1ADBFD52-7F36-4F1F-A1F0-2383554DB2B2}.Release|x64.ActiveCfg = Release|x64
		{1ADBFD52-7F36-4F1F-A1F0-2383554DB2B2}.Release|x64.Build.0 = Release|x64
		{1ADBFD52-7F36-4F1F-A1F0-2383554DB2B2}.Release|x86.ActiveCfg = Release|Win32
		{1ADBFD52-7F36-4F1F-A1F0-2383554DB2B2}.Release|x86.Build.0 = Release|Win32
		{95C0B3AA-39BE-48AF-A591-8B254ACA4C62}.Debug|x64.ActiveCfg = Debug|x64
		{95C0B3AA-39BE-48AF-A591-8B254ACA4C62}.Debug|x64.Build.0 = Debug|x64
		{95C0B3AA-39BE-48AF-A591-8B254ACA4C62}.Debug|x86.ActiveCfg = Debug|Win32
		{95C0B3AA-39BE-48AF-A591-8B254ACA4C62}.Debug|x86.Build.0 = Debug|Win32
		{95C0B3AA-39BE-48AF-A591-8B254ACA4C62}.Release|x64.ActiveCfg = Release|x64
		{95C0B3AA-39BE-48AF-A591-8B254ACA4C62}.Release|x64.Build.0 = Release|x64
		{95C0B3AA-39BE-48AF-A591-8B254ACA4C62}.Release|x86.ActiveCfg = Release|Win32
		{95C0B3AA-39BE-48AF-A591-8B254ACA4C62}.Release|x86.Build.0 = Release|Win32
		{664DA66C-535E-4149-970C-ECDE79F442E2}.Debug|x64.ActiveCfg = Debug|x64
		{664DA66C-535E-4149-970C-ECDE79F442E2}.Debug|x64.Build.0 = Debug|x64
		{664DA66C-535E-4149-970C-ECDE79F442E2}.Debug|x86.ActiveCfg = Debug|Win32
		{664DA66C-535E-4149-970C-ECDE79F442E2}.Debug|x86.Build.0 = Debug|Win32
		{664DA66C-535E-4149-970C-ECDE79F442E2}.Release|x64.ActiveCfg = Release|x64
		{664DA66C-535E-4149-970C-ECDE79F442E2}.Release|x64.Build.0 = Release|x64
		{664DA66C-535E-4149-970C-ECDE79F442E2}.Release|x86.ActiveCfg = Release|Win32
		{664DA66C-535E-4149-970C-ECDE79F442E2}.Release|x86.Build.0 = Release|Win32
		{9EEB6A56-9C33-4A90-8556-EEB535F441EB}.Debug|x64.ActiveCfg = Debug|x64
		{9EEB6A56-9C33-4A90-8556-EEB535F441EB}.Debug|x64.Build.0 = Debug|x64
		{9EEB6A56-9C33-4A90-8556-EEB535F441EB}.Debug|x86.ActiveCfg = Debug|Win32
		{9EEB6A56-9C33-4A90-8556-EEB535F441EB}.Debug|x86.Build.0 = Debug|Win32
		{9EEB6A56-9C33-4A90-8556-EEB535F441EB}.Release|x64.ActiveCfg = Release|x64
		{9EEB6A56-9C33-4A90-8556-EEB535F441EB}.Release|x64.Build.0 = Release|x64
		{9EEB6A56-9C33-4A90-8556-EEB535F441EB}.Release|x86.ActiveCfg = Release|Win32
		{9EEB6A56-9C33-4A90-8556-EEB535F441EB}.Release|x86.Build.0 = Release|Win32
		{6300DA05-155C-4242-8FBF-34F5CC630B9D}.Debug|x64.ActiveCfg = Debug|x64
		{6300DA05-155C-4242-8FBF-34F5CC630B9D}.Debug|x64.Build.0 = Debug|x64
		{6300DA05-155C-4242-8FBF-34F5CC630B9D}.Debug|x86.ActiveCfg = Debug|Win32
		{6300DA05-155C-4242-8FBF-34F5CC630B9D}.Debug|x86.Build.0 = Debug|Win32
		{6300DA05-155C-4242-8FBF-34F5CC630B9D}.Release|x64.ActiveCfg = Release|x64
		{6300DA05-155C-4242-8FBF-34F5CC630B9D}.Release|x64.Build.0 = Release|x64
		{6300DA05-155C-4242-8FBF-34F5CC630B9D}.Release|x86.ActiveCfg = Release|Win32
		{6300DA05-155C-4242-8FBF-34F5CC630B9D}.Release|x86.Build.0 = Release|Win32
		{C01800D0-8ECF-46A1-8D68-ED8445CBBF7D}.Debug|x64.ActiveCfg = Debug|x64
		{C01800D0-8ECF-46A1-8D68-ED8445CBBF7D}.Debug|x64.Build.0 = Debug|x64
		{C01800D0-8ECF-46A1-8D68-ED8445CBBF7D}.Debug|x86.ActiveCfg = Debug|Win32
		{C01800D0-8ECF-46A1-8D68-ED8445CBBF7D}.Debug|x86.Build.0 = Debug|Win32
		{C01800D0-8ECF-46A1-8D68-ED8445CBBF7D}.Release|x64.ActiveCfg = Release|x64
		{C01800D0-8ECF-46A1-8D68-ED8445CBBF7D}.Release|x64.Build.0 = Release|x64
		{C01800D0-8ECF-46A1-8D68-ED8445CBBF7D}.Release|x86.ActiveCfg = Release|Win32
		{C01800D0-8ECF-46A1-8D68-ED8445CBBF7D}.Release|x86.Build.0 = Release|Win32
		{673179FA-5CBB-45C8-A3ED-65AD01808F86}.Debug|x64.ActiveCfg = Debug|x64
		{673179FA-5CBB-45C8-A3ED-65AD01808F86}.Debug|x64.Build.0 = Debug|x64
		{673179FA-5CBB-45C8-A3ED-65AD01808F86}.Debug|x86.ActiveCfg = Debug|Win32
		{673179FA-5CBB-45C8-A3ED-65AD01808F86}.Debug|x86.Build.0 = Debug|Win32
		{673179FA-5CBB-45C8-A3ED-65AD01808F86}.Release|x64.ActiveCfg = Release|x64
		{673179FA-5CBB-45C8-A3ED-65AD01808F86}.Release|x64.Build.0 = Release|x64
		{673179FA-5CBB-45C8-A3ED-65AD01808F86}.Release|x86.ActiveCfg = Release|Win32
		{673179FA-5CBB-45C8-A3ED-65AD01808F86}.Release|x86.Build.0 = Release|Win32
		{4B849C24-ED94-4186-B28F-80603F53DD6E}.Debug|x64.ActiveCfg = Debug|x64
		{4B849C24-ED94-4186-B28F-80603F53DD6E}.Debug|x64.Build.0 = Debug|x64
		{4B849C24-ED94-4186-B28F-80603F53DD6E}.Debug|x86.ActiveCfg = Debug|Win32
		{4B849C24-ED94-4186-B28F-80603F53DD6E}.Debug|x86.Build.0 = Debug|Win32
		{4B849C24-ED94-4186-B28F-80603F53DD6E}.Release|x64.ActiveCfg = Release|x64
		{4B849C24-ED94-4186-B28F-80603F53DD6E}.Release|x64.Build.0 = Release|x64
		{4B849C24-ED94-4186-B28F-80603F53DD6E}.Release|x86.ActiveCfg = Release|Win32
		{4B849C24-ED94-4186-B28F-80603F53DD6E}.Release|x86.Build.0 = Release|Win32
		{674C70F1-669C-4C09-AEAA-3DDF500A59F3}.Debug|x64.ActiveCfg = Debug|x64
		{674C70F1-669C-4C09-AEAA-3DDF500A59F3}.Debug|x64.Build.0 = Debug|x64
		{674C70F1-669C-4C09-AEAA-3DDF500A59F3}.Debug|x86.ActiveCfg = Debug|Win32
		{674C70F1-669C-4C09-AEAA-3DDF500A59F3}.Debug|x86.Build.0 = Debug|Win32
		{674C70F1-669C-4C09-AEAA-3DDF500A59F3}.Release|x64.ActiveCfg = Release|x64
		{674C70F1-669C-4C09-AEAA-3DDF500A59F3}.Release|x64.Build.0 = Release|x64
		{674C70F1-669C-4C09-AEAA-3DDF500A59F3}.Release|x86.ActiveCfg = Release|Win32
		{674C70F1-669C-4C09-AEAA-3DDF500A59F3}.Release|x86.Build.0 = Release|Win32
	EndGlobalSection
	GlobalSection(SolutionProperties) = preSolution
		HideSolutionNode = FALSE
	EndGlobalSection
EndGlobal
